
Microsoft Visual Studio Solution File, Format Version 12.00
# Visual Studio Version 16
VisualStudioVersion = 16.0.29306.81
MinimumVisualStudioVersion = 10.0.40219.1
Project("{FAE04EC0-301F-11D3-BF4B-00C04F79EFBC}") = "Windows", "Windows\Windows.csproj", "{8C085B24-5FB8-408A-919F-19E9CE46DDCC}"
EndProject
Global
	GlobalSection(SolutionConfigurationPlatforms) = preSolution
		Debug|Any CPU = Debug|Any CPU
		Release|Any CPU = Release|Any CPU
	EndGlobalSection
	GlobalSection(ProjectConfigurationPlatforms) = postSolution
		{8C085B24-5FB8-408A-919F-19E9CE46DDCC}.Debug|Any CPU.ActiveCfg = Debug|Any CPU
		{8C085B24-5FB8-408A-919F-19E9CE46DDCC}.Debug|Any CPU.Build.0 = Debug|Any CPU
		{8C085B24-5FB8-408A-919F-19E9CE46DDCC}.Release|Any CPU.ActiveCfg = Release|Any CPU
		{8C085B24-5FB8-408A-919F-19E9CE46DDCC}.Release|Any CPU.Build.0 = Release|Any CPU
	EndGlobalSection
	GlobalSection(SolutionProperties) = preSolution
		HideSolutionNode = FALSE
	EndGlobalSection
	GlobalSection(ExtensibilityGlobals) = postSolution
		SolutionGuid = {376FC3BE-E9C4-4464-9728-D4049F64E6BD}
	EndGlobalSection
EndGlobal
